
Microsoft Visual Studio Solution File, Format Version 12.00
# Visual Studio Version 17
VisualStudioVersion = 17.5.002.0
MinimumVisualStudioVersion = 10.0.40219.1
Project("{9A19103F-16F7-4668-BE54-9A1E7A4F7556}") = "PocMauiApp", "App\PocMauiApp.csproj", "{41853DD0-164C-4767-AA81-9E1371AA02D9}"
EndProject
Project("{FAE04EC0-301F-11D3-BF4B-00C04F79EFBC}") = "PocMauiAppUnitTests", "PocMauiAppUnitTests\PocMauiAppUnitTests.csproj", "{F3277C2B-983F-4FA0-865C-17942225A7EB}"
EndProject
Global
	GlobalSection(SolutionConfigurationPlatforms) = preSolution
		Debug|Any CPU = Debug|Any CPU
		Release|Any CPU = Release|Any CPU
	EndGlobalSection
	GlobalSection(ProjectConfigurationPlatforms) = postSolution
		{41853DD0-164C-4767-AA81-9E1371AA02D9}.Debug|Any CPU.ActiveCfg = Debug|Any CPU
		{41853DD0-164C-4767-AA81-9E1371AA02D9}.Debug|Any CPU.Build.0 = Debug|Any CPU
		{41853DD0-164C-4767-AA81-9E1371AA02D9}.Release|Any CPU.ActiveCfg = Release|Any CPU
		{41853DD0-164C-4767-AA81-9E1371AA02D9}.Release|Any CPU.Build.0 = Release|Any CPU
		{F3277C2B-983F-4FA0-865C-17942225A7EB}.Debug|net8.0.ActiveCfg = Debug|Any CPU
		{F3277C2B-983F-4FA0-865C-17942225A7EB}.Debug|net8.0.Build.0 = Debug|Any CPU
	EndGlobalSection
	GlobalSection(SolutionProperties) = preSolution
		HideSolutionNode = FALSE
	EndGlobalSection
	GlobalSection(ExtensibilityGlobals) = postSolution
		SolutionGuid = {62F7E3E0-5887-49D7-863B-666C89F3AD16}
	EndGlobalSection
EndGlobal
